// !$*UTF8*$!
{
	archiveVersion = 1;
	classes = {
	};
	objectVersion = 55;
	objects = {

/* Begin PBXBuildFile section */
		54F02F0628044DA6003B5BCE /* AppDelegate.swift in Sources */ = {isa = PBXBuildFile; fileRef = 54F02F0528044DA6003B5BCE /* AppDelegate.swift */; };
		54F02F0828044DA6003B5BCE /* SceneDelegate.swift in Sources */ = {isa = PBXBuildFile; fileRef = 54F02F0728044DA6003B5BCE /* SceneDelegate.swift */; };
		54F02F0A28044DA6003B5BCE /* HomeViewController.swift in Sources */ = {isa = PBXBuildFile; fileRef = 54F02F0928044DA6003B5BCE /* HomeViewController.swift */; };
		54F02F0F28044DA8003B5BCE /* Assets.xcassets in Resources */ = {isa = PBXBuildFile; fileRef = 54F02F0E28044DA8003B5BCE /* Assets.xcassets */; };
		54F02F1228044DA8003B5BCE /* LaunchScreen.storyboard in Resources */ = {isa = PBXBuildFile; fileRef = 54F02F1028044DA8003B5BCE /* LaunchScreen.storyboard */; };
		54F02F20280451C1003B5BCE /* TabBarViewController.swift in Sources */ = {isa = PBXBuildFile; fileRef = 54F02F1F280451C1003B5BCE /* TabBarViewController.swift */; };
		54F02F22280451E8003B5BCE /* SearchViewController.swift in Sources */ = {isa = PBXBuildFile; fileRef = 54F02F21280451E8003B5BCE /* SearchViewController.swift */; };
		54F02F24280451FD003B5BCE /* LibraryViewController.swift in Sources */ = {isa = PBXBuildFile; fileRef = 54F02F23280451FD003B5BCE /* LibraryViewController.swift */; };
		54F02F29280452CA003B5BCE /* AuthViewController.swift in Sources */ = {isa = PBXBuildFile; fileRef = 54F02F28280452CA003B5BCE /* AuthViewController.swift */; };
		54F02F2B280452DB003B5BCE /* WelcomeViewController.swift in Sources */ = {isa = PBXBuildFile; fileRef = 54F02F2A280452DB003B5BCE /* WelcomeViewController.swift */; };
		54F02F2D280452EB003B5BCE /* SettingsViewController.swift in Sources */ = {isa = PBXBuildFile; fileRef = 54F02F2C280452EB003B5BCE /* SettingsViewController.swift */; };
		54F02F2F280452F6003B5BCE /* ProfileViewController.swift in Sources */ = {isa = PBXBuildFile; fileRef = 54F02F2E280452F6003B5BCE /* ProfileViewController.swift */; };
		54F02F3128045300003B5BCE /* PlayerViewController.swift in Sources */ = {isa = PBXBuildFile; fileRef = 54F02F3028045300003B5BCE /* PlayerViewController.swift */; };
		54F02F3328045311003B5BCE /* PlaylistViewController.swift in Sources */ = {isa = PBXBuildFile; fileRef = 54F02F3228045311003B5BCE /* PlaylistViewController.swift */; };
		54F02F3528045323003B5BCE /* SearchResultsViewController.swift in Sources */ = {isa = PBXBuildFile; fileRef = 54F02F3428045323003B5BCE /* SearchResultsViewController.swift */; };
		54F02F372804534B003B5BCE /* AuthManager.swift in Sources */ = {isa = PBXBuildFile; fileRef = 54F02F362804534B003B5BCE /* AuthManager.swift */; };
		54F02F3928045354003B5BCE /* ApiCaller.swift in Sources */ = {isa = PBXBuildFile; fileRef = 54F02F3828045354003B5BCE /* ApiCaller.swift */; };
		54F02F3B28045362003B5BCE /* HapticsManager.swift in Sources */ = {isa = PBXBuildFile; fileRef = 54F02F3A28045362003B5BCE /* HapticsManager.swift */; };
		54F02F3D28045376003B5BCE /* Playlist.swift in Sources */ = {isa = PBXBuildFile; fileRef = 54F02F3C28045376003B5BCE /* Playlist.swift */; };
		54F02F3F28045380003B5BCE /* AudioTrack.swift in Sources */ = {isa = PBXBuildFile; fileRef = 54F02F3E28045380003B5BCE /* AudioTrack.swift */; };
		54F02F412804538D003B5BCE /* Artist.swift in Sources */ = {isa = PBXBuildFile; fileRef = 54F02F402804538D003B5BCE /* Artist.swift */; };
		54F02F432804539A003B5BCE /* UserProfile.swift in Sources */ = {isa = PBXBuildFile; fileRef = 54F02F422804539A003B5BCE /* UserProfile.swift */; };
/* End PBXBuildFile section */

/* Begin PBXFileReference section */
		54F02F0228044DA6003B5BCE /* Spotify.app */ = {isa = PBXFileReference; explicitFileType = wrapper.application; includeInIndex = 0; path = Spotify.app; sourceTree = BUILT_PRODUCTS_DIR; };
		54F02F0528044DA6003B5BCE /* AppDelegate.swift */ = {isa = PBXFileReference; lastKnownFileType = sourcecode.swift; path = AppDelegate.swift; sourceTree = "<group>"; };
		54F02F0728044DA6003B5BCE /* SceneDelegate.swift */ = {isa = PBXFileReference; lastKnownFileType = sourcecode.swift; path = SceneDelegate.swift; sourceTree = "<group>"; };
		54F02F0928044DA6003B5BCE /* HomeViewController.swift */ = {isa = PBXFileReference; lastKnownFileType = sourcecode.swift; path = HomeViewController.swift; sourceTree = "<group>"; };
		54F02F0E28044DA8003B5BCE /* Assets.xcassets */ = {isa = PBXFileReference; lastKnownFileType = folder.assetcatalog; path = Assets.xcassets; sourceTree = "<group>"; };
		54F02F1128044DA8003B5BCE /* Base */ = {isa = PBXFileReference; lastKnownFileType = file.storyboard; name = Base; path = Base.lproj/LaunchScreen.storyboard; sourceTree = "<group>"; };
		54F02F1328044DA8003B5BCE /* Info.plist */ = {isa = PBXFileReference; lastKnownFileType = text.plist.xml; path = Info.plist; sourceTree = "<group>"; };
		54F02F1F280451C1003B5BCE /* TabBarViewController.swift */ = {isa = PBXFileReference; lastKnownFileType = sourcecode.swift; path = TabBarViewController.swift; sourceTree = "<group>"; };
		54F02F21280451E8003B5BCE /* SearchViewController.swift */ = {isa = PBXFileReference; lastKnownFileType = sourcecode.swift; path = SearchViewController.swift; sourceTree = "<group>"; };
		54F02F23280451FD003B5BCE /* LibraryViewController.swift */ = {isa = PBXFileReference; lastKnownFileType = sourcecode.swift; path = LibraryViewController.swift; sourceTree = "<group>"; };
		54F02F28280452CA003B5BCE /* AuthViewController.swift */ = {isa = PBXFileReference; lastKnownFileType = sourcecode.swift; path = AuthViewController.swift; sourceTree = "<group>"; };
		54F02F2A280452DB003B5BCE /* WelcomeViewController.swift */ = {isa = PBXFileReference; lastKnownFileType = sourcecode.swift; path = WelcomeViewController.swift; sourceTree = "<group>"; };
		54F02F2C280452EB003B5BCE /* SettingsViewController.swift */ = {isa = PBXFileReference; lastKnownFileType = sourcecode.swift; path = SettingsViewController.swift; sourceTree = "<group>"; };
		54F02F2E280452F6003B5BCE /* ProfileViewController.swift */ = {isa = PBXFileReference; lastKnownFileType = sourcecode.swift; path = ProfileViewController.swift; sourceTree = "<group>"; };
		54F02F3028045300003B5BCE /* PlayerViewController.swift */ = {isa = PBXFileReference; lastKnownFileType = sourcecode.swift; path = PlayerViewController.swift; sourceTree = "<group>"; };
		54F02F3228045311003B5BCE /* PlaylistViewController.swift */ = {isa = PBXFileReference; lastKnownFileType = sourcecode.swift; path = PlaylistViewController.swift; sourceTree = "<group>"; };
		54F02F3428045323003B5BCE /* SearchResultsViewController.swift */ = {isa = PBXFileReference; lastKnownFileType = sourcecode.swift; path = SearchResultsViewController.swift; sourceTree = "<group>"; };
		54F02F362804534B003B5BCE /* AuthManager.swift */ = {isa = PBXFileReference; lastKnownFileType = sourcecode.swift; path = AuthManager.swift; sourceTree = "<group>"; };
		54F02F3828045354003B5BCE /* ApiCaller.swift */ = {isa = PBXFileReference; lastKnownFileType = sourcecode.swift; path = ApiCaller.swift; sourceTree = "<group>"; };
		54F02F3A28045362003B5BCE /* HapticsManager.swift */ = {isa = PBXFileReference; lastKnownFileType = sourcecode.swift; path = HapticsManager.swift; sourceTree = "<group>"; };
		54F02F3C28045376003B5BCE /* Playlist.swift */ = {isa = PBXFileReference; lastKnownFileType = sourcecode.swift; path = Playlist.swift; sourceTree = "<group>"; };
		54F02F3E28045380003B5BCE /* AudioTrack.swift */ = {isa = PBXFileReference; lastKnownFileType = sourcecode.swift; path = AudioTrack.swift; sourceTree = "<group>"; };
		54F02F402804538D003B5BCE /* Artist.swift */ = {isa = PBXFileReference; lastKnownFileType = sourcecode.swift; path = Artist.swift; sourceTree = "<group>"; };
		54F02F422804539A003B5BCE /* UserProfile.swift */ = {isa = PBXFileReference; lastKnownFileType = sourcecode.swift; path = UserProfile.swift; sourceTree = "<group>"; };
/* End PBXFileReference section */

/* Begin PBXFrameworksBuildPhase section */
		54F02EFF28044DA6003B5BCE /* Frameworks */ = {
			isa = PBXFrameworksBuildPhase;
			buildActionMask = 2147483647;
			files = (
			);
			runOnlyForDeploymentPostprocessing = 0;
		};
/* End PBXFrameworksBuildPhase section */

/* Begin PBXGroup section */
		54F02EF928044DA6003B5BCE = {
			isa = PBXGroup;
			children = (
				54F02F0428044DA6003B5BCE /* Spotify */,
				54F02F0328044DA6003B5BCE /* Products */,
			);
			sourceTree = "<group>";
		};
		54F02F0328044DA6003B5BCE /* Products */ = {
			isa = PBXGroup;
			children = (
				54F02F0228044DA6003B5BCE /* Spotify.app */,
			);
			name = Products;
			sourceTree = "<group>";
		};
		54F02F0428044DA6003B5BCE /* Spotify */ = {
			isa = PBXGroup;
			children = (
				54F02F1E28044FD8003B5BCE /* Managers */,
				54F02F1D28044FBF003B5BCE /* Models */,
				54F02F1C28044F9B003B5BCE /* Controllers */,
				54F02F1B28044F95003B5BCE /* Views */,
				54F02F1A28044F8A003B5BCE /* ViewModels */,
				54F02F1928044F7E003B5BCE /* Resources */,
				54F02F1328044DA8003B5BCE /* Info.plist */,
			);
			path = Spotify;
			sourceTree = "<group>";
		};
		54F02F1928044F7E003B5BCE /* Resources */ = {
			isa = PBXGroup;
			children = (
				54F02F0E28044DA8003B5BCE /* Assets.xcassets */,
				54F02F0528044DA6003B5BCE /* AppDelegate.swift */,
				54F02F0728044DA6003B5BCE /* SceneDelegate.swift */,
			);
			path = Resources;
			sourceTree = "<group>";
		};
		54F02F1A28044F8A003B5BCE /* ViewModels */ = {
			isa = PBXGroup;
			children = (
			);
			path = ViewModels;
			sourceTree = "<group>";
		};
		54F02F1B28044F95003B5BCE /* Views */ = {
			isa = PBXGroup;
			children = (
				54F02F1028044DA8003B5BCE /* LaunchScreen.storyboard */,
			);
			path = Views;
			sourceTree = "<group>";
		};
		54F02F1C28044F9B003B5BCE /* Controllers */ = {
			isa = PBXGroup;
			children = (
				54F02F27280452AA003B5BCE /* Other */,
				54F02F2628045216003B5BCE /* core */,
			);
			path = Controllers;
			sourceTree = "<group>";
		};
		54F02F1D28044FBF003B5BCE /* Models */ = {
			isa = PBXGroup;
			children = (
				54F02F3C28045376003B5BCE /* Playlist.swift */,
				54F02F3E28045380003B5BCE /* AudioTrack.swift */,
				54F02F402804538D003B5BCE /* Artist.swift */,
				54F02F422804539A003B5BCE /* UserProfile.swift */,
			);
			path = Models;
			sourceTree = "<group>";
		};
		54F02F1E28044FD8003B5BCE /* Managers */ = {
			isa = PBXGroup;
			children = (
				54F02F362804534B003B5BCE /* AuthManager.swift */,
				54F02F3828045354003B5BCE /* ApiCaller.swift */,
				54F02F3A28045362003B5BCE /* HapticsManager.swift */,
			);
			path = Managers;
			sourceTree = "<group>";
		};
		54F02F2628045216003B5BCE /* core */ = {
			isa = PBXGroup;
			children = (
				54F02F1F280451C1003B5BCE /* TabBarViewController.swift */,
				54F02F0928044DA6003B5BCE /* HomeViewController.swift */,
				54F02F21280451E8003B5BCE /* SearchViewController.swift */,
				54F02F23280451FD003B5BCE /* LibraryViewController.swift */,
			);
			path = core;
			sourceTree = "<group>";
		};
		54F02F27280452AA003B5BCE /* Other */ = {
			isa = PBXGroup;
			children = (
				54F02F28280452CA003B5BCE /* AuthViewController.swift */,
				54F02F2A280452DB003B5BCE /* WelcomeViewController.swift */,
				54F02F2C280452EB003B5BCE /* SettingsViewController.swift */,
				54F02F2E280452F6003B5BCE /* ProfileViewController.swift */,
				54F02F3028045300003B5BCE /* PlayerViewController.swift */,
				54F02F3228045311003B5BCE /* PlaylistViewController.swift */,
				54F02F3428045323003B5BCE /* SearchResultsViewController.swift */,
			);
			path = Other;
			sourceTree = "<group>";
		};
/* End PBXGroup section */

/* Begin PBXNativeTarget section */
		54F02F0128044DA6003B5BCE /* Spotify */ = {
			isa = PBXNativeTarget;
			buildConfigurationList = 54F02F1628044DA8003B5BCE /* Build configuration list for PBXNativeTarget "Spotify" */;
			buildPhases = (
				54F02EFE28044DA6003B5BCE /* Sources */,
				54F02EFF28044DA6003B5BCE /* Frameworks */,
				54F02F0028044DA6003B5BCE /* Resources */,
			);
			buildRules = (
			);
			dependencies = (
			);
			name = Spotify;
			productName = Spotify;
			productReference = 54F02F0228044DA6003B5BCE /* Spotify.app */;
			productType = "com.apple.product-type.application";
		};
/* End PBXNativeTarget section */

/* Begin PBXProject section */
		54F02EFA28044DA6003B5BCE /* Project object */ = {
			isa = PBXProject;
			attributes = {
				BuildIndependentTargetsInParallel = 1;
				LastSwiftUpdateCheck = 1330;
				LastUpgradeCheck = 1330;
				TargetAttributes = {
					54F02F0128044DA6003B5BCE = {
						CreatedOnToolsVersion = 13.3;
					};
				};
			};
			buildConfigurationList = 54F02EFD28044DA6003B5BCE /* Build configuration list for PBXProject "Spotify" */;
			compatibilityVersion = "Xcode 13.0";
			developmentRegion = en;
			hasScannedForEncodings = 0;
			knownRegions = (
				en,
				Base,
			);
			mainGroup = 54F02EF928044DA6003B5BCE;
			productRefGroup = 54F02F0328044DA6003B5BCE /* Products */;
			projectDirPath = "";
			projectRoot = "";
			targets = (
				54F02F0128044DA6003B5BCE /* Spotify */,
			);
		};
/* End PBXProject section */

/* Begin PBXResourcesBuildPhase section */
		54F02F0028044DA6003B5BCE /* Resources */ = {
			isa = PBXResourcesBuildPhase;
			buildActionMask = 2147483647;
			files = (
				54F02F1228044DA8003B5BCE /* LaunchScreen.storyboard in Resources */,
				54F02F0F28044DA8003B5BCE /* Assets.xcassets in Resources */,
			);
			runOnlyForDeploymentPostprocessing = 0;
		};
/* End PBXResourcesBuildPhase section */

/* Begin PBXSourcesBuildPhase section */
		54F02EFE28044DA6003B5BCE /* Sources */ = {
			isa = PBXSourcesBuildPhase;
			buildActionMask = 2147483647;
			files = (
				54F02F22280451E8003B5BCE /* SearchViewController.swift in Sources */,
				54F02F3D28045376003B5BCE /* Playlist.swift in Sources */,
				54F02F372804534B003B5BCE /* AuthManager.swift in Sources */,
				54F02F3528045323003B5BCE /* SearchResultsViewController.swift in Sources */,
				54F02F2B280452DB003B5BCE /* WelcomeViewController.swift in Sources */,
				54F02F3928045354003B5BCE /* ApiCaller.swift in Sources */,
				54F02F2F280452F6003B5BCE /* ProfileViewController.swift in Sources */,
				54F02F3B28045362003B5BCE /* HapticsManager.swift in Sources */,
				54F02F3F28045380003B5BCE /* AudioTrack.swift in Sources */,
				54F02F20280451C1003B5BCE /* TabBarViewController.swift in Sources */,
				54F02F0A28044DA6003B5BCE /* HomeViewController.swift in Sources */,
				54F02F29280452CA003B5BCE /* AuthViewController.swift in Sources */,
				54F02F432804539A003B5BCE /* UserProfile.swift in Sources */,
				54F02F0628044DA6003B5BCE /* AppDelegate.swift in Sources */,
				54F02F412804538D003B5BCE /* Artist.swift in Sources */,
				54F02F24280451FD003B5BCE /* LibraryViewController.swift in Sources */,
				54F02F3328045311003B5BCE /* PlaylistViewController.swift in Sources */,
				54F02F0828044DA6003B5BCE /* SceneDelegate.swift in Sources */,
				54F02F3128045300003B5BCE /* PlayerViewController.swift in Sources */,
				54F02F2D280452EB003B5BCE /* SettingsViewController.swift in Sources */,
			);
			runOnlyForDeploymentPostprocessing = 0;
		};
/* End PBXSourcesBuildPhase section */

/* Begin PBXVariantGroup section */
		54F02F1028044DA8003B5BCE /* LaunchScreen.storyboard */ = {
			isa = PBXVariantGroup;
			children = (
				54F02F1128044DA8003B5BCE /* Base */,
			);
			name = LaunchScreen.storyboard;
			sourceTree = "<group>";
		};
/* End PBXVariantGroup section */

/* Begin XCBuildConfiguration section */
		54F02F1428044DA8003B5BCE /* Debug */ = {
			isa = XCBuildConfiguration;
			buildSettings = {
				ALWAYS_SEARCH_USER_PATHS = NO;
				CLANG_ANALYZER_NONNULL = YES;
				CLANG_ANALYZER_NUMBER_OBJECT_CONVERSION = YES_AGGRESSIVE;
				CLANG_CXX_LANGUAGE_STANDARD = "gnu++17";
				CLANG_ENABLE_MODULES = YES;
				CLANG_ENABLE_OBJC_ARC = YES;
				CLANG_ENABLE_OBJC_WEAK = YES;
				CLANG_WARN_BLOCK_CAPTURE_AUTORELEASING = YES;
				CLANG_WARN_BOOL_CONVERSION = YES;
				CLANG_WARN_COMMA = YES;
				CLANG_WARN_CONSTANT_CONVERSION = YES;
				CLANG_WARN_DEPRECATED_OBJC_IMPLEMENTATIONS = YES;
				CLANG_WARN_DIRECT_OBJC_ISA_USAGE = YES_ERROR;
				CLANG_WARN_DOCUMENTATION_COMMENTS = YES;
				CLANG_WARN_EMPTY_BODY = YES;
				CLANG_WARN_ENUM_CONVERSION = YES;
				CLANG_WARN_INFINITE_RECURSION = YES;
				CLANG_WARN_INT_CONVERSION = YES;
				CLANG_WARN_NON_LITERAL_NULL_CONVERSION = YES;
				CLANG_WARN_OBJC_IMPLICIT_RETAIN_SELF = YES;
				CLANG_WARN_OBJC_LITERAL_CONVERSION = YES;
				CLANG_WARN_OBJC_ROOT_CLASS = YES_ERROR;
				CLANG_WARN_QUOTED_INCLUDE_IN_FRAMEWORK_HEADER = YES;
				CLANG_WARN_RANGE_LOOP_ANALYSIS = YES;
				CLANG_WARN_STRICT_PROTOTYPES = YES;
				CLANG_WARN_SUSPICIOUS_MOVE = YES;
				CLANG_WARN_UNGUARDED_AVAILABILITY = YES_AGGRESSIVE;
				CLANG_WARN_UNREACHABLE_CODE = YES;
				CLANG_WARN__DUPLICATE_METHOD_MATCH = YES;
				COPY_PHASE_STRIP = NO;
				DEBUG_INFORMATION_FORMAT = dwarf;
				ENABLE_STRICT_OBJC_MSGSEND = YES;
				ENABLE_TESTABILITY = YES;
				GCC_C_LANGUAGE_STANDARD = gnu11;
				GCC_DYNAMIC_NO_PIC = NO;
				GCC_NO_COMMON_BLOCKS = YES;
				GCC_OPTIMIZATION_LEVEL = 0;
				GCC_PREPROCESSOR_DEFINITIONS = (
					"DEBUG=1",
					"$(inherited)",
				);
				GCC_WARN_64_TO_32_BIT_CONVERSION = YES;
				GCC_WARN_ABOUT_RETURN_TYPE = YES_ERROR;
				GCC_WARN_UNDECLARED_SELECTOR = YES;
				GCC_WARN_UNINITIALIZED_AUTOS = YES_AGGRESSIVE;
				GCC_WARN_UNUSED_FUNCTION = YES;
				GCC_WARN_UNUSED_VARIABLE = YES;
				IPHONEOS_DEPLOYMENT_TARGET = 15.4;
				MTL_ENABLE_DEBUG_INFO = INCLUDE_SOURCE;
				MTL_FAST_MATH = YES;
				ONLY_ACTIVE_ARCH = YES;
				SDKROOT = iphoneos;
				SWIFT_ACTIVE_COMPILATION_CONDITIONS = DEBUG;
				SWIFT_OPTIMIZATION_LEVEL = "-Onone";
			};
			name = Debug;
		};
		54F02F1528044DA8003B5BCE /* Release */ = {
			isa = XCBuildConfiguration;
			buildSettings = {
				ALWAYS_SEARCH_USER_PATHS = NO;
				CLANG_ANALYZER_NONNULL = YES;
				CLANG_ANALYZER_NUMBER_OBJECT_CONVERSION = YES_AGGRESSIVE;
				CLANG_CXX_LANGUAGE_STANDARD = "gnu++17";
				CLANG_ENABLE_MODULES = YES;
				CLANG_ENABLE_OBJC_ARC = YES;
				CLANG_ENABLE_OBJC_WEAK = YES;
				CLANG_WARN_BLOCK_CAPTURE_AUTORELEASING = YES;
				CLANG_WARN_BOOL_CONVERSION = YES;
				CLANG_WARN_COMMA = YES;
				CLANG_WARN_CONSTANT_CONVERSION = YES;
				CLANG_WARN_DEPRECATED_OBJC_IMPLEMENTATIONS = YES;
				CLANG_WARN_DIRECT_OBJC_ISA_USAGE = YES_ERROR;
				CLANG_WARN_DOCUMENTATION_COMMENTS = YES;
				CLANG_WARN_EMPTY_BODY = YES;
				CLANG_WARN_ENUM_CONVERSION = YES;
				CLANG_WARN_INFINITE_RECURSION = YES;
				CLANG_WARN_INT_CONVERSION = YES;
				CLANG_WARN_NON_LITERAL_NULL_CONVERSION = YES;
				CLANG_WARN_OBJC_IMPLICIT_RETAIN_SELF = YES;
				CLANG_WARN_OBJC_LITERAL_CONVERSION = YES;
				CLANG_WARN_OBJC_ROOT_CLASS = YES_ERROR;
				CLANG_WARN_QUOTED_INCLUDE_IN_FRAMEWORK_HEADER = YES;
				CLANG_WARN_RANGE_LOOP_ANALYSIS = YES;
				CLANG_WARN_STRICT_PROTOTYPES = YES;
				CLANG_WARN_SUSPICIOUS_MOVE = YES;
				CLANG_WARN_UNGUARDED_AVAILABILITY = YES_AGGRESSIVE;
				CLANG_WARN_UNREACHABLE_CODE = YES;
				CLANG_WARN__DUPLICATE_METHOD_MATCH = YES;
				COPY_PHASE_STRIP = NO;
				DEBUG_INFORMATION_FORMAT = "dwarf-with-dsym";
				ENABLE_NS_ASSERTIONS = NO;
				ENABLE_STRICT_OBJC_MSGSEND = YES;
				GCC_C_LANGUAGE_STANDARD = gnu11;
				GCC_NO_COMMON_BLOCKS = YES;
				GCC_WARN_64_TO_32_BIT_CONVERSION = YES;
				GCC_WARN_ABOUT_RETURN_TYPE = YES_ERROR;
				GCC_WARN_UNDECLARED_SELECTOR = YES;
				GCC_WARN_UNINITIALIZED_AUTOS = YES_AGGRESSIVE;
				GCC_WARN_UNUSED_FUNCTION = YES;
				GCC_WARN_UNUSED_VARIABLE = YES;
				IPHONEOS_DEPLOYMENT_TARGET = 15.4;
				MTL_ENABLE_DEBUG_INFO = NO;
				MTL_FAST_MATH = YES;
				SDKROOT = iphoneos;
				SWIFT_COMPILATION_MODE = wholemodule;
				SWIFT_OPTIMIZATION_LEVEL = "-O";
				VALIDATE_PRODUCT = YES;
			};
			name = Release;
		};
		54F02F1728044DA8003B5BCE /* Debug */ = {
			isa = XCBuildConfiguration;
			buildSettings = {
				ASSETCATALOG_COMPILER_APPICON_NAME = AppIcon;
				ASSETCATALOG_COMPILER_GLOBAL_ACCENT_COLOR_NAME = AccentColor;
				CODE_SIGN_STYLE = Automatic;
				CURRENT_PROJECT_VERSION = 1;
				DEVELOPMENT_TEAM = N25Y66HM7B;
				GENERATE_INFOPLIST_FILE = YES;
				INFOPLIST_FILE = Spotify/Info.plist;
				INFOPLIST_KEY_UIApplicationSupportsIndirectInputEvents = YES;
				INFOPLIST_KEY_UILaunchStoryboardName = LaunchScreen;
				INFOPLIST_KEY_UISupportedInterfaceOrientations_iPad = "UIInterfaceOrientationPortrait UIInterfaceOrientationPortraitUpsideDown UIInterfaceOrientationLandscapeLeft UIInterfaceOrientationLandscapeRight";
				INFOPLIST_KEY_UISupportedInterfaceOrientations_iPhone = "UIInterfaceOrientationPortrait UIInterfaceOrientationLandscapeLeft UIInterfaceOrientationLandscapeRight";
				LD_RUNPATH_SEARCH_PATHS = (
					"$(inherited)",
					"@executable_path/Frameworks",
				);
				MARKETING_VERSION = 1.0;
				PRODUCT_BUNDLE_IDENTIFIER = br.com.colaquecez.Spotify;
				PRODUCT_NAME = "$(TARGET_NAME)";
				SWIFT_EMIT_LOC_STRINGS = YES;
				SWIFT_VERSION = 5.0;
				TARGETED_DEVICE_FAMILY = "1,2";
			};
			name = Debug;
		};
		54F02F1828044DA8003B5BCE /* Release */ = {
			isa = XCBuildConfiguration;
			buildSettings = {
				ASSETCATALOG_COMPILER_APPICON_NAME = AppIcon;
				ASSETCATALOG_COMPILER_GLOBAL_ACCENT_COLOR_NAME = AccentColor;
				CODE_SIGN_STYLE = Automatic;
				CURRENT_PROJECT_VERSION = 1;
				DEVELOPMENT_TEAM = N25Y66HM7B;
				GENERATE_INFOPLIST_FILE = YES;
				INFOPLIST_FILE = Spotify/Info.plist;
				INFOPLIST_KEY_UIApplicationSupportsIndirectInputEvents = YES;
				INFOPLIST_KEY_UILaunchStoryboardName = LaunchScreen;
				INFOPLIST_KEY_UISupportedInterfaceOrientations_iPad = "UIInterfaceOrientationPortrait UIInterfaceOrientationPortraitUpsideDown UIInterfaceOrientationLandscapeLeft UIInterfaceOrientationLandscapeRight";
				INFOPLIST_KEY_UISupportedInterfaceOrientations_iPhone = "UIInterfaceOrientationPortrait UIInterfaceOrientationLandscapeLeft UIInterfaceOrientationLandscapeRight";
				LD_RUNPATH_SEARCH_PATHS = (
					"$(inherited)",
					"@executable_path/Frameworks",
				);
				MARKETING_VERSION = 1.0;
				PRODUCT_BUNDLE_IDENTIFIER = br.com.colaquecez.Spotify;
				PRODUCT_NAME = "$(TARGET_NAME)";
				SWIFT_EMIT_LOC_STRINGS = YES;
				SWIFT_VERSION = 5.0;
				TARGETED_DEVICE_FAMILY = "1,2";
			};
			name = Release;
		};
/* End XCBuildConfiguration section */

/* Begin XCConfigurationList section */
		54F02EFD28044DA6003B5BCE /* Build configuration list for PBXProject "Spotify" */ = {
			isa = XCConfigurationList;
			buildConfigurations = (
				54F02F1428044DA8003B5BCE /* Debug */,
				54F02F1528044DA8003B5BCE /* Release */,
			);
			defaultConfigurationIsVisible = 0;
			defaultConfigurationName = Release;
		};
		54F02F1628044DA8003B5BCE /* Build configuration list for PBXNativeTarget "Spotify" */ = {
			isa = XCConfigurationList;
			buildConfigurations = (
				54F02F1728044DA8003B5BCE /* Debug */,
				54F02F1828044DA8003B5BCE /* Release */,
			);
			defaultConfigurationIsVisible = 0;
			defaultConfigurationName = Release;
		};
/* End XCConfigurationList section */
	};
	rootObject = 54F02EFA28044DA6003B5BCE /* Project object */;
}
